
Microsoft Visual Studio Solution File, Format Version 12.00
# Visual Studio 15
VisualStudioVersion = 15.0.28010.2003
MinimumVisualStudioVersion = 10.0.40219.1
Project("{8BC9CEB8-8B4A-11D0-8D11-00A0C91BC942}") = "CusendFramework", "CusendFramework.vcxproj", "{332728CD-5457-4A2F-B442-F5776819275F}"
EndProject
Global
	GlobalSection(SolutionConfigurationPlatforms) = preSolution
		Debug|x64 = Debug|x64
		Debug|x86 = Debug|x86
		Release|x64 = Release|x64
		Release|x86 = Release|x86
	EndGlobalSection
	GlobalSection(ProjectConfigurationPlatforms) = postSolution
		{332728CD-5457-4A2F-B442-F5776819275F}.Debug|x64.ActiveCfg = Debug|x64
		{332728CD-5457-4A2F-B442-F5776819275F}.Debug|x64.Build.0 = Debug|x64
		{332728CD-5457-4A2F-B442-F5776819275F}.Debug|x86.ActiveCfg = Debug|Win32
		{332728CD-5457-4A2F-B442-F5776819275F}.Debug|x86.Build.0 = Debug|Win32
		{332728CD-5457-4A2F-B442-F5776819275F}.Release|x64.ActiveCfg = Release|x64
		{332728CD-5457-4A2F-B442-F5776819275F}.Release|x64.Build.0 = Release|x64
		{332728CD-5457-4A2F-B442-F5776819275F}.Release|x86.ActiveCfg = Release|Win32
		{332728CD-5457-4A2F-B442-F5776819275F}.Release|x86.Build.0 = Release|Win32
	EndGlobalSection
	GlobalSection(SolutionProperties) = preSolution
		HideSolutionNode = FALSE
	EndGlobalSection
	GlobalSection(ExtensibilityGlobals) = postSolution
		SolutionGuid = {C6AD7727-18C0-4473-8984-B4B7F2CF3004}
	EndGlobalSection
EndGlobal
